
Microsoft Visual Studio Solution File, Format Version 11.00
# Visual Studio 2010
Project("{FAE04EC0-301F-11D3-BF4B-00C04F79EFBC}") = "Web", "Web\Web.csproj", "{ECCE34C7-3772-4686-86EA-7C3E66AA3D50}"
EndProject
Project("{FAE04EC0-301F-11D3-BF4B-00C04F79EFBC}") = "Tasks", "Tasks\Tasks.csproj", "{5052803C-4367-430C-94F9-32BDE7E4E860}"
EndProject
Project("{FAE04EC0-301F-11D3-BF4B-00C04F79EFBC}") = "Specs", "Specs\Specs.csproj", "{2711F418-5C9E-428F-B903-3FD92E2D1E18}"
EndProject
Global
	GlobalSection(SolutionConfigurationPlatforms) = preSolution
		Debug|Any CPU = Debug|Any CPU
		Debug|Mixed Platforms = Debug|Mixed Platforms
		Debug|x86 = Debug|x86
		Release|Any CPU = Release|Any CPU
		Release|Mixed Platforms = Release|Mixed Platforms
		Release|x86 = Release|x86
	EndGlobalSection
	GlobalSection(ProjectConfigurationPlatforms) = postSolution
		{ECCE34C7-3772-4686-86EA-7C3E66AA3D50}.Debug|Any CPU.ActiveCfg = Debug|Any CPU
		{ECCE34C7-3772-4686-86EA-7C3E66AA3D50}.Debug|Any CPU.Build.0 = Debug|Any CPU
		{ECCE34C7-3772-4686-86EA-7C3E66AA3D50}.Debug|Mixed Platforms.ActiveCfg = Debug|Any CPU
		{ECCE34C7-3772-4686-86EA-7C3E66AA3D50}.Debug|Mixed Platforms.Build.0 = Debug|Any CPU
		{ECCE34C7-3772-4686-86EA-7C3E66AA3D50}.Debug|x86.ActiveCfg = Debug|Any CPU
		{ECCE34C7-3772-4686-86EA-7C3E66AA3D50}.Release|Any CPU.ActiveCfg = Release|Any CPU
		{ECCE34C7-3772-4686-86EA-7C3E66AA3D50}.Release|Any CPU.Build.0 = Release|Any CPU
		{ECCE34C7-3772-4686-86EA-7C3E66AA3D50}.Release|Mixed Platforms.ActiveCfg = Release|Any CPU
		{ECCE34C7-3772-4686-86EA-7C3E66AA3D50}.Release|Mixed Platforms.Build.0 = Release|Any CPU
		{ECCE34C7-3772-4686-86EA-7C3E66AA3D50}.Release|x86.ActiveCfg = Release|Any CPU
		{5052803C-4367-430C-94F9-32BDE7E4E860}.Debug|Any CPU.ActiveCfg = Debug|x86
		{5052803C-4367-430C-94F9-32BDE7E4E860}.Debug|Mixed Platforms.ActiveCfg = Debug|x86
		{5052803C-4367-430C-94F9-32BDE7E4E860}.Debug|Mixed Platforms.Build.0 = Debug|x86
		{5052803C-4367-430C-94F9-32BDE7E4E860}.Debug|x86.ActiveCfg = Debug|x86
		{5052803C-4367-430C-94F9-32BDE7E4E860}.Debug|x86.Build.0 = Debug|x86
		{5052803C-4367-430C-94F9-32BDE7E4E860}.Release|Any CPU.ActiveCfg = Release|x86
		{5052803C-4367-430C-94F9-32BDE7E4E860}.Release|Mixed Platforms.ActiveCfg = Release|x86
		{5052803C-4367-430C-94F9-32BDE7E4E860}.Release|Mixed Platforms.Build.0 = Release|x86
		{5052803C-4367-430C-94F9-32BDE7E4E860}.Release|x86.ActiveCfg = Release|x86
		{5052803C-4367-430C-94F9-32BDE7E4E860}.Release|x86.Build.0 = Release|x86
		{2711F418-5C9E-428F-B903-3FD92E2D1E18}.Debug|Any CPU.ActiveCfg = Debug|Any CPU
		{2711F418-5C9E-428F-B903-3FD92E2D1E18}.Debug|Any CPU.Build.0 = Debug|Any CPU
		{2711F418-5C9E-428F-B903-3FD92E2D1E18}.Debug|Mixed Platforms.ActiveCfg = Debug|Any CPU
		{2711F418-5C9E-428F-B903-3FD92E2D1E18}.Debug|Mixed Platforms.Build.0 = Debug|Any CPU
		{2711F418-5C9E-428F-B903-3FD92E2D1E18}.Debug|x86.ActiveCfg = Debug|Any CPU
		{2711F418-5C9E-428F-B903-3FD92E2D1E18}.Release|Any CPU.ActiveCfg = Release|Any CPU
		{2711F418-5C9E-428F-B903-3FD92E2D1E18}.Release|Any CPU.Build.0 = Release|Any CPU
		{2711F418-5C9E-428F-B903-3FD92E2D1E18}.Release|Mixed Platforms.ActiveCfg = Release|Any CPU
		{2711F418-5C9E-428F-B903-3FD92E2D1E18}.Release|Mixed Platforms.Build.0 = Release|Any CPU
		{2711F418-5C9E-428F-B903-3FD92E2D1E18}.Release|x86.ActiveCfg = Release|Any CPU
	EndGlobalSection
	GlobalSection(SolutionProperties) = preSolution
		HideSolutionNode = FALSE
	EndGlobalSection
EndGlobal
