
Microsoft Visual Studio Solution File, Format Version 11.00
# Visual Studio 2010
Project("{FAE04EC0-301F-11D3-BF4B-00C04F79EFBC}") = "Web", "Web\Web.csproj", "{ECCE34C7-3772-4686-86EA-7C3E66AA3D50}"
EndProject
Project("{FAE04EC0-301F-11D3-BF4B-00C04F79EFBC}") = "Web.Tests", "Web.Tests\Web.Tests.csproj", "{2DA9B540-1D17-4B23-92E6-C7A7C2677435}"
EndProject
Global
	GlobalSection(SolutionConfigurationPlatforms) = preSolution
		Debug|Any CPU = Debug|Any CPU
		Release|Any CPU = Release|Any CPU
	EndGlobalSection
	GlobalSection(ProjectConfigurationPlatforms) = postSolution
		{ECCE34C7-3772-4686-86EA-7C3E66AA3D50}.Debug|Any CPU.ActiveCfg = Debug|Any CPU
		{ECCE34C7-3772-4686-86EA-7C3E66AA3D50}.Debug|Any CPU.Build.0 = Debug|Any CPU
		{ECCE34C7-3772-4686-86EA-7C3E66AA3D50}.Release|Any CPU.ActiveCfg = Release|Any CPU
		{ECCE34C7-3772-4686-86EA-7C3E66AA3D50}.Release|Any CPU.Build.0 = Release|Any CPU
		{2DA9B540-1D17-4B23-92E6-C7A7C2677435}.Debug|Any CPU.ActiveCfg = Debug|Any CPU
		{2DA9B540-1D17-4B23-92E6-C7A7C2677435}.Debug|Any CPU.Build.0 = Debug|Any CPU
		{2DA9B540-1D17-4B23-92E6-C7A7C2677435}.Release|Any CPU.ActiveCfg = Release|Any CPU
		{2DA9B540-1D17-4B23-92E6-C7A7C2677435}.Release|Any CPU.Build.0 = Release|Any CPU
	EndGlobalSection
	GlobalSection(SolutionProperties) = preSolution
		HideSolutionNode = FALSE
	EndGlobalSection
EndGlobal
